
Microsoft Visual Studio Solution File, Format Version 12.00
# Visual Studio 15
VisualStudioVersion = 15.0.26730.16
MinimumVisualStudioVersion = 10.0.40219.1
Project("{FAE04EC0-301F-11D3-BF4B-00C04F79EFBC}") = "NinjaDomain.Classes", "NinjaDomain.Classes\NinjaDomain.Classes.csproj", "{962DDE1B-3012-47EF-AD36-302E80A56260}"
EndProject
Project("{FAE04EC0-301F-11D3-BF4B-00C04F79EFBC}") = "NinjaDomain.DataModel", "NinjaDomain.DataModel\NinjaDomain.DataModel.csproj", "{0BB831D3-787F-44AC-B088-371C95B3D9EE}"
EndProject
Project("{FAE04EC0-301F-11D3-BF4B-00C04F79EFBC}") = "ConsoleApplication", "ConsoleApplication\ConsoleApplication.csproj", "{3930CF40-C0FC-4D44-9D4B-4447215FBD78}"
EndProject
Global
	GlobalSection(SolutionConfigurationPlatforms) = preSolution
		Debug|Any CPU = Debug|Any CPU
		Release|Any CPU = Release|Any CPU
	EndGlobalSection
	GlobalSection(ProjectConfigurationPlatforms) = postSolution
		{962DDE1B-3012-47EF-AD36-302E80A56260}.Debug|Any CPU.ActiveCfg = Debug|Any CPU
		{962DDE1B-3012-47EF-AD36-302E80A56260}.Debug|Any CPU.Build.0 = Debug|Any CPU
		{962DDE1B-3012-47EF-AD36-302E80A56260}.Release|Any CPU.ActiveCfg = Release|Any CPU
		{962DDE1B-3012-47EF-AD36-302E80A56260}.Release|Any CPU.Build.0 = Release|Any CPU
		{0BB831D3-787F-44AC-B088-371C95B3D9EE}.Debug|Any CPU.ActiveCfg = Debug|Any CPU
		{0BB831D3-787F-44AC-B088-371C95B3D9EE}.Debug|Any CPU.Build.0 = Debug|Any CPU
		{0BB831D3-787F-44AC-B088-371C95B3D9EE}.Release|Any CPU.ActiveCfg = Release|Any CPU
		{0BB831D3-787F-44AC-B088-371C95B3D9EE}.Release|Any CPU.Build.0 = Release|Any CPU
		{3930CF40-C0FC-4D44-9D4B-4447215FBD78}.Debug|Any CPU.ActiveCfg = Debug|Any CPU
		{3930CF40-C0FC-4D44-9D4B-4447215FBD78}.Debug|Any CPU.Build.0 = Debug|Any CPU
		{3930CF40-C0FC-4D44-9D4B-4447215FBD78}.Release|Any CPU.ActiveCfg = Release|Any CPU
		{3930CF40-C0FC-4D44-9D4B-4447215FBD78}.Release|Any CPU.Build.0 = Release|Any CPU
	EndGlobalSection
	GlobalSection(SolutionProperties) = preSolution
		HideSolutionNode = FALSE
	EndGlobalSection
	GlobalSection(ExtensibilityGlobals) = postSolution
		SolutionGuid = {80421207-5709-41F6-ABA3-CA6A88881FA9}
	EndGlobalSection
EndGlobal
